// !$*UTF8*$!
{
	archiveVersion = 1;
	classes = {
	};
	objectVersion = 56;
	objects = {

/* Begin PBXBuildFile section */
		927AEB8B2AF0DFCD00E6A003 /* GesturesView.swift in Sources */ = {isa = PBXBuildFile; fileRef = 927AEB8A2AF0DFCD00E6A003 /* GesturesView.swift */; };
		92845E3A2AEA37B900CD2E27 /* UIKitInSwiftUI.swift in Sources */ = {isa = PBXBuildFile; fileRef = 92845E392AEA37B900CD2E27 /* UIKitInSwiftUI.swift */; };
		92845E452AEA640400CD2E27 /* DemoViewController.swift in Sources */ = {isa = PBXBuildFile; fileRef = 92845E432AEA640400CD2E27 /* DemoViewController.swift */; };
		92845E462AEA640400CD2E27 /* DemoViewController.xib in Resources */ = {isa = PBXBuildFile; fileRef = 92845E442AEA640400CD2E27 /* DemoViewController.xib */; };
		9284D3B62AE25CAE00D5173D /* FormView.swift in Sources */ = {isa = PBXBuildFile; fileRef = 9284D3B52AE25CAE00D5173D /* FormView.swift */; };
		9284D3B82AE26B3500D5173D /* TextView.swift in Sources */ = {isa = PBXBuildFile; fileRef = 9284D3B72AE26B3500D5173D /* TextView.swift */; };
		92871E192AE8D95200FAFBC7 /* OtherViews.swift in Sources */ = {isa = PBXBuildFile; fileRef = 92871E182AE8D95200FAFBC7 /* OtherViews.swift */; };
		92871E1B2AE8DBC700FAFBC7 /* Animations.swift in Sources */ = {isa = PBXBuildFile; fileRef = 92871E1A2AE8DBC700FAFBC7 /* Animations.swift */; };
		92871E1D2AE8E67A00FAFBC7 /* BarChartView.swift in Sources */ = {isa = PBXBuildFile; fileRef = 92871E1C2AE8E67A00FAFBC7 /* BarChartView.swift */; };
		92871E1F2AE8F21700FAFBC7 /* PieChartView.swift in Sources */ = {isa = PBXBuildFile; fileRef = 92871E1E2AE8F21700FAFBC7 /* PieChartView.swift */; };
		92871FCE2AF4BC2C0040D407 /* ListView.swift in Sources */ = {isa = PBXBuildFile; fileRef = 92871FCD2AF4BC2C0040D407 /* ListView.swift */; };
		928739EF2AEF92BC00EAD528 /* StateView.swift in Sources */ = {isa = PBXBuildFile; fileRef = 928739EE2AEF92BC00EAD528 /* StateView.swift */; };
		928739F12AEF92CD00EAD528 /* BindingView.swift in Sources */ = {isa = PBXBuildFile; fileRef = 928739F02AEF92CD00EAD528 /* BindingView.swift */; };
		928739F32AEF95B500EAD528 /* PublishedView.swift in Sources */ = {isa = PBXBuildFile; fileRef = 928739F22AEF95B500EAD528 /* PublishedView.swift */; };
		928739F52AEF96D900EAD528 /* AnotherView.swift in Sources */ = {isa = PBXBuildFile; fileRef = 928739F42AEF96D900EAD528 /* AnotherView.swift */; };
		928CB39C2AE65A820058D280 /* OverlayView.swift in Sources */ = {isa = PBXBuildFile; fileRef = 928CB39B2AE65A820058D280 /* OverlayView.swift */; };
		928CB39E2AE674230058D280 /* CardDemoView.swift in Sources */ = {isa = PBXBuildFile; fileRef = 928CB39D2AE674230058D280 /* CardDemoView.swift */; };
		9293A29C2AF224A900158A80 /* ReusableView.swift in Sources */ = {isa = PBXBuildFile; fileRef = 9293A29B2AF224A900158A80 /* ReusableView.swift */; };
		9293CCAE2AF36E250070D13D /* Navigation.swift in Sources */ = {isa = PBXBuildFile; fileRef = 9293CCAD2AF36E250070D13D /* Navigation.swift */; };
		9293CCB02AF3BBFB0070D13D /* GridLayoutView.swift in Sources */ = {isa = PBXBuildFile; fileRef = 9293CCAF2AF3BBFB0070D13D /* GridLayoutView.swift */; };
		929DBE6F2AE14D76001CC24A /* SwiftUIPracticeApp.swift in Sources */ = {isa = PBXBuildFile; fileRef = 929DBE6E2AE14D76001CC24A /* SwiftUIPracticeApp.swift */; };
		929DBE712AE14D76001CC24A /* ContentView.swift in Sources */ = {isa = PBXBuildFile; fileRef = 929DBE702AE14D76001CC24A /* ContentView.swift */; };
		929DBE732AE14D7B001CC24A /* Assets.xcassets in Resources */ = {isa = PBXBuildFile; fileRef = 929DBE722AE14D7B001CC24A /* Assets.xcassets */; };
		929DBE762AE14D7B001CC24A /* Preview Assets.xcassets in Resources */ = {isa = PBXBuildFile; fileRef = 929DBE752AE14D7B001CC24A /* Preview Assets.xcassets */; };
/* End PBXBuildFile section */

/* Begin PBXFileReference section */
		927AEB8A2AF0DFCD00E6A003 /* GesturesView.swift */ = {isa = PBXFileReference; lastKnownFileType = sourcecode.swift; path = GesturesView.swift; sourceTree = "<group>"; };
		92845E392AEA37B900CD2E27 /* UIKitInSwiftUI.swift */ = {isa = PBXFileReference; lastKnownFileType = sourcecode.swift; path = UIKitInSwiftUI.swift; sourceTree = "<group>"; };
		92845E432AEA640400CD2E27 /* DemoViewController.swift */ = {isa = PBXFileReference; lastKnownFileType = sourcecode.swift; path = DemoViewController.swift; sourceTree = "<group>"; };
		92845E442AEA640400CD2E27 /* DemoViewController.xib */ = {isa = PBXFileReference; lastKnownFileType = file.xib; path = DemoViewController.xib; sourceTree = "<group>"; };
		9284D3B52AE25CAE00D5173D /* FormView.swift */ = {isa = PBXFileReference; lastKnownFileType = sourcecode.swift; path = FormView.swift; sourceTree = "<group>"; };
		9284D3B72AE26B3500D5173D /* TextView.swift */ = {isa = PBXFileReference; lastKnownFileType = sourcecode.swift; path = TextView.swift; sourceTree = "<group>"; };
		92871E182AE8D95200FAFBC7 /* OtherViews.swift */ = {isa = PBXFileReference; lastKnownFileType = sourcecode.swift; path = OtherViews.swift; sourceTree = "<group>"; };
		92871E1A2AE8DBC700FAFBC7 /* Animations.swift */ = {isa = PBXFileReference; lastKnownFileType = sourcecode.swift; path = Animations.swift; sourceTree = "<group>"; };
		92871E1C2AE8E67A00FAFBC7 /* BarChartView.swift */ = {isa = PBXFileReference; lastKnownFileType = sourcecode.swift; path = BarChartView.swift; sourceTree = "<group>"; };
		92871E1E2AE8F21700FAFBC7 /* PieChartView.swift */ = {isa = PBXFileReference; lastKnownFileType = sourcecode.swift; path = PieChartView.swift; sourceTree = "<group>"; };
		92871FCD2AF4BC2C0040D407 /* ListView.swift */ = {isa = PBXFileReference; lastKnownFileType = sourcecode.swift; path = ListView.swift; sourceTree = "<group>"; };
		928739EE2AEF92BC00EAD528 /* StateView.swift */ = {isa = PBXFileReference; lastKnownFileType = sourcecode.swift; path = StateView.swift; sourceTree = "<group>"; };
		928739F02AEF92CD00EAD528 /* BindingView.swift */ = {isa = PBXFileReference; lastKnownFileType = sourcecode.swift; path = BindingView.swift; sourceTree = "<group>"; };
		928739F22AEF95B500EAD528 /* PublishedView.swift */ = {isa = PBXFileReference; lastKnownFileType = sourcecode.swift; path = PublishedView.swift; sourceTree = "<group>"; };
		928739F42AEF96D900EAD528 /* AnotherView.swift */ = {isa = PBXFileReference; lastKnownFileType = sourcecode.swift; path = AnotherView.swift; sourceTree = "<group>"; };
		928CB39B2AE65A820058D280 /* OverlayView.swift */ = {isa = PBXFileReference; lastKnownFileType = sourcecode.swift; path = OverlayView.swift; sourceTree = "<group>"; };
		928CB39D2AE674230058D280 /* CardDemoView.swift */ = {isa = PBXFileReference; lastKnownFileType = sourcecode.swift; path = CardDemoView.swift; sourceTree = "<group>"; };
		9293A29B2AF224A900158A80 /* ReusableView.swift */ = {isa = PBXFileReference; lastKnownFileType = sourcecode.swift; path = ReusableView.swift; sourceTree = "<group>"; };
		9293CCAD2AF36E250070D13D /* Navigation.swift */ = {isa = PBXFileReference; lastKnownFileType = sourcecode.swift; path = Navigation.swift; sourceTree = "<group>"; };
		9293CCAF2AF3BBFB0070D13D /* GridLayoutView.swift */ = {isa = PBXFileReference; lastKnownFileType = sourcecode.swift; path = GridLayoutView.swift; sourceTree = "<group>"; };
		929DBE6B2AE14D76001CC24A /* SwiftUIPractice.app */ = {isa = PBXFileReference; explicitFileType = wrapper.application; includeInIndex = 0; path = SwiftUIPractice.app; sourceTree = BUILT_PRODUCTS_DIR; };
		929DBE6E2AE14D76001CC24A /* SwiftUIPracticeApp.swift */ = {isa = PBXFileReference; lastKnownFileType = sourcecode.swift; path = SwiftUIPracticeApp.swift; sourceTree = "<group>"; };
		929DBE702AE14D76001CC24A /* ContentView.swift */ = {isa = PBXFileReference; lastKnownFileType = sourcecode.swift; path = ContentView.swift; sourceTree = "<group>"; };
		929DBE722AE14D7B001CC24A /* Assets.xcassets */ = {isa = PBXFileReference; lastKnownFileType = folder.assetcatalog; path = Assets.xcassets; sourceTree = "<group>"; };
		929DBE752AE14D7B001CC24A /* Preview Assets.xcassets */ = {isa = PBXFileReference; lastKnownFileType = folder.assetcatalog; path = "Preview Assets.xcassets"; sourceTree = "<group>"; };
/* End PBXFileReference section */

/* Begin PBXFrameworksBuildPhase section */
		929DBE682AE14D76001CC24A /* Frameworks */ = {
			isa = PBXFrameworksBuildPhase;
			buildActionMask = 2147483647;
			files = (
			);
			runOnlyForDeploymentPostprocessing = 0;
		};
/* End PBXFrameworksBuildPhase section */

/* Begin PBXGroup section */
		92845E3B2AEA631900CD2E27 /* UIKitIntegration */ = {
			isa = PBXGroup;
			children = (
				92845E392AEA37B900CD2E27 /* UIKitInSwiftUI.swift */,
				92845E432AEA640400CD2E27 /* DemoViewController.swift */,
				92845E442AEA640400CD2E27 /* DemoViewController.xib */,
			);
			path = UIKitIntegration;
			sourceTree = "<group>";
		};
		92845E492AEA66B900CD2E27 /* Animations and Drawings */ = {
			isa = PBXGroup;
			children = (
				92871E1C2AE8E67A00FAFBC7 /* BarChartView.swift */,
				92871E1E2AE8F21700FAFBC7 /* PieChartView.swift */,
				92871E1A2AE8DBC700FAFBC7 /* Animations.swift */,
			);
			path = "Animations and Drawings";
			sourceTree = "<group>";
		};
		928739E72AEF8A5D00EAD528 /* Data Flow */ = {
			isa = PBXGroup;
			children = (
				928739E92AEF8C7700EAD528 /* Publisher */,
				928739E82AEF8C6200EAD528 /* Binding */,
			);
			path = "Data Flow";
			sourceTree = "<group>";
		};
		928739E82AEF8C6200EAD528 /* Binding */ = {
			isa = PBXGroup;
			children = (
				928739EE2AEF92BC00EAD528 /* StateView.swift */,
				928739F02AEF92CD00EAD528 /* BindingView.swift */,
			);
			path = Binding;
			sourceTree = "<group>";
		};
		928739E92AEF8C7700EAD528 /* Publisher */ = {
			isa = PBXGroup;
			children = (
				928739F22AEF95B500EAD528 /* PublishedView.swift */,
				928739F42AEF96D900EAD528 /* AnotherView.swift */,
			);
			path = Publisher;
			sourceTree = "<group>";
		};
		929DBE622AE14D76001CC24A = {
			isa = PBXGroup;
			children = (
				929DBE6D2AE14D76001CC24A /* SwiftUIPractice */,
				929DBE6C2AE14D76001CC24A /* Products */,
			);
			sourceTree = "<group>";
		};
		929DBE6C2AE14D76001CC24A /* Products */ = {
			isa = PBXGroup;
			children = (
				929DBE6B2AE14D76001CC24A /* SwiftUIPractice.app */,
			);
			name = Products;
			sourceTree = "<group>";
		};
		929DBE6D2AE14D76001CC24A /* SwiftUIPractice */ = {
			isa = PBXGroup;
			children = (
				929DBE6E2AE14D76001CC24A /* SwiftUIPracticeApp.swift */,
				929DBE702AE14D76001CC24A /* ContentView.swift */,
				92845E3B2AEA631900CD2E27 /* UIKitIntegration */,
				92845E492AEA66B900CD2E27 /* Animations and Drawings */,
				928739E72AEF8A5D00EAD528 /* Data Flow */,
				928CB39B2AE65A820058D280 /* OverlayView.swift */,
				927AEB8A2AF0DFCD00E6A003 /* GesturesView.swift */,
				928CB39D2AE674230058D280 /* CardDemoView.swift */,
				9284D3B52AE25CAE00D5173D /* FormView.swift */,
				9284D3B72AE26B3500D5173D /* TextView.swift */,
				9293A29B2AF224A900158A80 /* ReusableView.swift */,
				92871E182AE8D95200FAFBC7 /* OtherViews.swift */,
				9293CCAD2AF36E250070D13D /* Navigation.swift */,
				9293CCAF2AF3BBFB0070D13D /* GridLayoutView.swift */,
				92871FCD2AF4BC2C0040D407 /* ListView.swift */,
				929DBE722AE14D7B001CC24A /* Assets.xcassets */,
				929DBE742AE14D7B001CC24A /* Preview Content */,
			);
			path = SwiftUIPractice;
			sourceTree = "<group>";
		};
		929DBE742AE14D7B001CC24A /* Preview Content */ = {
			isa = PBXGroup;
			children = (
				929DBE752AE14D7B001CC24A /* Preview Assets.xcassets */,
			);
			path = "Preview Content";
			sourceTree = "<group>";
		};
/* End PBXGroup section */

/* Begin PBXNativeTarget section */
		929DBE6A2AE14D76001CC24A /* SwiftUIPractice */ = {
			isa = PBXNativeTarget;
			buildConfigurationList = 929DBE792AE14D7B001CC24A /* Build configuration list for PBXNativeTarget "SwiftUIPractice" */;
			buildPhases = (
				929DBE672AE14D76001CC24A /* Sources */,
				929DBE682AE14D76001CC24A /* Frameworks */,
				929DBE692AE14D76001CC24A /* Resources */,
			);
			buildRules = (
			);
			dependencies = (
			);
			name = SwiftUIPractice;
			productName = SwiftUIPractice;
			productReference = 929DBE6B2AE14D76001CC24A /* SwiftUIPractice.app */;
			productType = "com.apple.product-type.application";
		};
/* End PBXNativeTarget section */

/* Begin PBXProject section */
		929DBE632AE14D76001CC24A /* Project object */ = {
			isa = PBXProject;
			attributes = {
				BuildIndependentTargetsInParallel = 1;
				LastSwiftUpdateCheck = 1420;
				LastUpgradeCheck = 1420;
				TargetAttributes = {
					929DBE6A2AE14D76001CC24A = {
						CreatedOnToolsVersion = 14.2;
					};
				};
			};
			buildConfigurationList = 929DBE662AE14D76001CC24A /* Build configuration list for PBXProject "SwiftUIPractice" */;
			compatibilityVersion = "Xcode 14.0";
			developmentRegion = en;
			hasScannedForEncodings = 0;
			knownRegions = (
				en,
				Base,
			);
			mainGroup = 929DBE622AE14D76001CC24A;
			productRefGroup = 929DBE6C2AE14D76001CC24A /* Products */;
			projectDirPath = "";
			projectRoot = "";
			targets = (
				929DBE6A2AE14D76001CC24A /* SwiftUIPractice */,
			);
		};
/* End PBXProject section */

/* Begin PBXResourcesBuildPhase section */
		929DBE692AE14D76001CC24A /* Resources */ = {
			isa = PBXResourcesBuildPhase;
			buildActionMask = 2147483647;
			files = (
				929DBE762AE14D7B001CC24A /* Preview Assets.xcassets in Resources */,
				92845E462AEA640400CD2E27 /* DemoViewController.xib in Resources */,
				929DBE732AE14D7B001CC24A /* Assets.xcassets in Resources */,
			);
			runOnlyForDeploymentPostprocessing = 0;
		};
/* End PBXResourcesBuildPhase section */

/* Begin PBXSourcesBuildPhase section */
		929DBE672AE14D76001CC24A /* Sources */ = {
			isa = PBXSourcesBuildPhase;
			buildActionMask = 2147483647;
			files = (
				9284D3B62AE25CAE00D5173D /* FormView.swift in Sources */,
				92871E192AE8D95200FAFBC7 /* OtherViews.swift in Sources */,
				928739F12AEF92CD00EAD528 /* BindingView.swift in Sources */,
				9284D3B82AE26B3500D5173D /* TextView.swift in Sources */,
				92845E452AEA640400CD2E27 /* DemoViewController.swift in Sources */,
				928739F32AEF95B500EAD528 /* PublishedView.swift in Sources */,
				9293CCB02AF3BBFB0070D13D /* GridLayoutView.swift in Sources */,
				927AEB8B2AF0DFCD00E6A003 /* GesturesView.swift in Sources */,
				928CB39E2AE674230058D280 /* CardDemoView.swift in Sources */,
				929DBE712AE14D76001CC24A /* ContentView.swift in Sources */,
				9293CCAE2AF36E250070D13D /* Navigation.swift in Sources */,
				9293A29C2AF224A900158A80 /* ReusableView.swift in Sources */,
				928739F52AEF96D900EAD528 /* AnotherView.swift in Sources */,
				92871E1D2AE8E67A00FAFBC7 /* BarChartView.swift in Sources */,
				92871FCE2AF4BC2C0040D407 /* ListView.swift in Sources */,
				928739EF2AEF92BC00EAD528 /* StateView.swift in Sources */,
				92871E1F2AE8F21700FAFBC7 /* PieChartView.swift in Sources */,
				92845E3A2AEA37B900CD2E27 /* UIKitInSwiftUI.swift in Sources */,
				929DBE6F2AE14D76001CC24A /* SwiftUIPracticeApp.swift in Sources */,
				92871E1B2AE8DBC700FAFBC7 /* Animations.swift in Sources */,
				928CB39C2AE65A820058D280 /* OverlayView.swift in Sources */,
			);
			runOnlyForDeploymentPostprocessing = 0;
		};
/* End PBXSourcesBuildPhase section */

/* Begin XCBuildConfiguration section */
		929DBE772AE14D7B001CC24A /* Debug */ = {
			isa = XCBuildConfiguration;
			buildSettings = {
				ALWAYS_SEARCH_USER_PATHS = NO;
				CLANG_ANALYZER_NONNULL = YES;
				CLANG_ANALYZER_NUMBER_OBJECT_CONVERSION = YES_AGGRESSIVE;
				CLANG_CXX_LANGUAGE_STANDARD = "gnu++20";
				CLANG_ENABLE_MODULES = YES;
				CLANG_ENABLE_OBJC_ARC = YES;
				CLANG_ENABLE_OBJC_WEAK = YES;
				CLANG_WARN_BLOCK_CAPTURE_AUTORELEASING = YES;
				CLANG_WARN_BOOL_CONVERSION = YES;
				CLANG_WARN_COMMA = YES;
				CLANG_WARN_CONSTANT_CONVERSION = YES;
				CLANG_WARN_DEPRECATED_OBJC_IMPLEMENTATIONS = YES;
				CLANG_WARN_DIRECT_OBJC_ISA_USAGE = YES_ERROR;
				CLANG_WARN_DOCUMENTATION_COMMENTS = YES;
				CLANG_WARN_EMPTY_BODY = YES;
				CLANG_WARN_ENUM_CONVERSION = YES;
				CLANG_WARN_INFINITE_RECURSION = YES;
				CLANG_WARN_INT_CONVERSION = YES;
				CLANG_WARN_NON_LITERAL_NULL_CONVERSION = YES;
				CLANG_WARN_OBJC_IMPLICIT_RETAIN_SELF = YES;
				CLANG_WARN_OBJC_LITERAL_CONVERSION = YES;
				CLANG_WARN_OBJC_ROOT_CLASS = YES_ERROR;
				CLANG_WARN_QUOTED_INCLUDE_IN_FRAMEWORK_HEADER = YES;
				CLANG_WARN_RANGE_LOOP_ANALYSIS = YES;
				CLANG_WARN_STRICT_PROTOTYPES = YES;
				CLANG_WARN_SUSPICIOUS_MOVE = YES;
				CLANG_WARN_UNGUARDED_AVAILABILITY = YES_AGGRESSIVE;
				CLANG_WARN_UNREACHABLE_CODE = YES;
				CLANG_WARN__DUPLICATE_METHOD_MATCH = YES;
				COPY_PHASE_STRIP = NO;
				DEBUG_INFORMATION_FORMAT = dwarf;
				ENABLE_STRICT_OBJC_MSGSEND = YES;
				ENABLE_TESTABILITY = YES;
				GCC_C_LANGUAGE_STANDARD = gnu11;
				GCC_DYNAMIC_NO_PIC = NO;
				GCC_NO_COMMON_BLOCKS = YES;
				GCC_OPTIMIZATION_LEVEL = 0;
				GCC_PREPROCESSOR_DEFINITIONS = (
					"DEBUG=1",
					"$(inherited)",
				);
				GCC_WARN_64_TO_32_BIT_CONVERSION = YES;
				GCC_WARN_ABOUT_RETURN_TYPE = YES_ERROR;
				GCC_WARN_UNDECLARED_SELECTOR = YES;
				GCC_WARN_UNINITIALIZED_AUTOS = YES_AGGRESSIVE;
				GCC_WARN_UNUSED_FUNCTION = YES;
				GCC_WARN_UNUSED_VARIABLE = YES;
				IPHONEOS_DEPLOYMENT_TARGET = 16.2;
				MTL_ENABLE_DEBUG_INFO = INCLUDE_SOURCE;
				MTL_FAST_MATH = YES;
				ONLY_ACTIVE_ARCH = YES;
				SDKROOT = iphoneos;
				SWIFT_ACTIVE_COMPILATION_CONDITIONS = DEBUG;
				SWIFT_OPTIMIZATION_LEVEL = "-Onone";
			};
			name = Debug;
		};
		929DBE782AE14D7B001CC24A /* Release */ = {
			isa = XCBuildConfiguration;
			buildSettings = {
				ALWAYS_SEARCH_USER_PATHS = NO;
				CLANG_ANALYZER_NONNULL = YES;
				CLANG_ANALYZER_NUMBER_OBJECT_CONVERSION = YES_AGGRESSIVE;
				CLANG_CXX_LANGUAGE_STANDARD = "gnu++20";
				CLANG_ENABLE_MODULES = YES;
				CLANG_ENABLE_OBJC_ARC = YES;
				CLANG_ENABLE_OBJC_WEAK = YES;
				CLANG_WARN_BLOCK_CAPTURE_AUTORELEASING = YES;
				CLANG_WARN_BOOL_CONVERSION = YES;
				CLANG_WARN_COMMA = YES;
				CLANG_WARN_CONSTANT_CONVERSION = YES;
				CLANG_WARN_DEPRECATED_OBJC_IMPLEMENTATIONS = YES;
				CLANG_WARN_DIRECT_OBJC_ISA_USAGE = YES_ERROR;
				CLANG_WARN_DOCUMENTATION_COMMENTS = YES;
				CLANG_WARN_EMPTY_BODY = YES;
				CLANG_WARN_ENUM_CONVERSION = YES;
				CLANG_WARN_INFINITE_RECURSION = YES;
				CLANG_WARN_INT_CONVERSION = YES;
				CLANG_WARN_NON_LITERAL_NULL_CONVERSION = YES;
				CLANG_WARN_OBJC_IMPLICIT_RETAIN_SELF = YES;
				CLANG_WARN_OBJC_LITERAL_CONVERSION = YES;
				CLANG_WARN_OBJC_ROOT_CLASS = YES_ERROR;
				CLANG_WARN_QUOTED_INCLUDE_IN_FRAMEWORK_HEADER = YES;
				CLANG_WARN_RANGE_LOOP_ANALYSIS = YES;
				CLANG_WARN_STRICT_PROTOTYPES = YES;
				CLANG_WARN_SUSPICIOUS_MOVE = YES;
				CLANG_WARN_UNGUARDED_AVAILABILITY = YES_AGGRESSIVE;
				CLANG_WARN_UNREACHABLE_CODE = YES;
				CLANG_WARN__DUPLICATE_METHOD_MATCH = YES;
				COPY_PHASE_STRIP = NO;
				DEBUG_INFORMATION_FORMAT = "dwarf-with-dsym";
				ENABLE_NS_ASSERTIONS = NO;
				ENABLE_STRICT_OBJC_MSGSEND = YES;
				GCC_C_LANGUAGE_STANDARD = gnu11;
				GCC_NO_COMMON_BLOCKS = YES;
				GCC_WARN_64_TO_32_BIT_CONVERSION = YES;
				GCC_WARN_ABOUT_RETURN_TYPE = YES_ERROR;
				GCC_WARN_UNDECLARED_SELECTOR = YES;
				GCC_WARN_UNINITIALIZED_AUTOS = YES_AGGRESSIVE;
				GCC_WARN_UNUSED_FUNCTION = YES;
				GCC_WARN_UNUSED_VARIABLE = YES;
				IPHONEOS_DEPLOYMENT_TARGET = 16.2;
				MTL_ENABLE_DEBUG_INFO = NO;
				MTL_FAST_MATH = YES;
				SDKROOT = iphoneos;
				SWIFT_COMPILATION_MODE = wholemodule;
				SWIFT_OPTIMIZATION_LEVEL = "-O";
				VALIDATE_PRODUCT = YES;
			};
			name = Release;
		};
		929DBE7A2AE14D7B001CC24A /* Debug */ = {
			isa = XCBuildConfiguration;
			buildSettings = {
				ASSETCATALOG_COMPILER_APPICON_NAME = AppIcon;
				ASSETCATALOG_COMPILER_GLOBAL_ACCENT_COLOR_NAME = AccentColor;
				CODE_SIGN_STYLE = Automatic;
				CURRENT_PROJECT_VERSION = 1;
				DEVELOPMENT_ASSET_PATHS = "\"SwiftUIPractice/Preview Content\"";
				DEVELOPMENT_TEAM = JDQM4MDQ97;
				ENABLE_PREVIEWS = YES;
				GENERATE_INFOPLIST_FILE = YES;
				INFOPLIST_KEY_UIApplicationSceneManifest_Generation = YES;
				INFOPLIST_KEY_UIApplicationSupportsIndirectInputEvents = YES;
				INFOPLIST_KEY_UILaunchScreen_Generation = YES;
				INFOPLIST_KEY_UISupportedInterfaceOrientations_iPad = "UIInterfaceOrientationPortrait UIInterfaceOrientationPortraitUpsideDown UIInterfaceOrientationLandscapeLeft UIInterfaceOrientationLandscapeRight";
				INFOPLIST_KEY_UISupportedInterfaceOrientations_iPhone = "UIInterfaceOrientationPortrait UIInterfaceOrientationLandscapeLeft UIInterfaceOrientationLandscapeRight";
				LD_RUNPATH_SEARCH_PATHS = (
					"$(inherited)",
					"@executable_path/Frameworks",
				);
				MARKETING_VERSION = 1.0;
				PRODUCT_BUNDLE_IDENTIFIER = Chintan.SwiftUIPractice;
				PRODUCT_NAME = "$(TARGET_NAME)";
				SWIFT_EMIT_LOC_STRINGS = YES;
				SWIFT_VERSION = 5.0;
				TARGETED_DEVICE_FAMILY = "1,2";
			};
			name = Debug;
		};
		929DBE7B2AE14D7B001CC24A /* Release */ = {
			isa = XCBuildConfiguration;
			buildSettings = {
				ASSETCATALOG_COMPILER_APPICON_NAME = AppIcon;
				ASSETCATALOG_COMPILER_GLOBAL_ACCENT_COLOR_NAME = AccentColor;
				CODE_SIGN_STYLE = Automatic;
				CURRENT_PROJECT_VERSION = 1;
				DEVELOPMENT_ASSET_PATHS = "\"SwiftUIPractice/Preview Content\"";
				DEVELOPMENT_TEAM = JDQM4MDQ97;
				ENABLE_PREVIEWS = YES;
				GENERATE_INFOPLIST_FILE = YES;
				INFOPLIST_KEY_UIApplicationSceneManifest_Generation = YES;
				INFOPLIST_KEY_UIApplicationSupportsIndirectInputEvents = YES;
				INFOPLIST_KEY_UILaunchScreen_Generation = YES;
				INFOPLIST_KEY_UISupportedInterfaceOrientations_iPad = "UIInterfaceOrientationPortrait UIInterfaceOrientationPortraitUpsideDown UIInterfaceOrientationLandscapeLeft UIInterfaceOrientationLandscapeRight";
				INFOPLIST_KEY_UISupportedInterfaceOrientations_iPhone = "UIInterfaceOrientationPortrait UIInterfaceOrientationLandscapeLeft UIInterfaceOrientationLandscapeRight";
				LD_RUNPATH_SEARCH_PATHS = (
					"$(inherited)",
					"@executable_path/Frameworks",
				);
				MARKETING_VERSION = 1.0;
				PRODUCT_BUNDLE_IDENTIFIER = Chintan.SwiftUIPractice;
				PRODUCT_NAME = "$(TARGET_NAME)";
				SWIFT_EMIT_LOC_STRINGS = YES;
				SWIFT_VERSION = 5.0;
				TARGETED_DEVICE_FAMILY = "1,2";
			};
			name = Release;
		};
/* End XCBuildConfiguration section */

/* Begin XCConfigurationList section */
		929DBE662AE14D76001CC24A /* Build configuration list for PBXProject "SwiftUIPractice" */ = {
			isa = XCConfigurationList;
			buildConfigurations = (
				929DBE772AE14D7B001CC24A /* Debug */,
				929DBE782AE14D7B001CC24A /* Release */,
			);
			defaultConfigurationIsVisible = 0;
			defaultConfigurationName = Release;
		};
		929DBE792AE14D7B001CC24A /* Build configuration list for PBXNativeTarget "SwiftUIPractice" */ = {
			isa = XCConfigurationList;
			buildConfigurations = (
				929DBE7A2AE14D7B001CC24A /* Debug */,
				929DBE7B2AE14D7B001CC24A /* Release */,
			);
			defaultConfigurationIsVisible = 0;
			defaultConfigurationName = Release;
		};
/* End XCConfigurationList section */
	};
	rootObject = 929DBE632AE14D76001CC24A /* Project object */;
}
